// !$*UTF8*$!
{
	archiveVersion = 1;
	classes = {
	};
	objectVersion = 46;
	objects = {

/* Begin PBXBuildFile section */
		CC2059631AC22B0C0064FF7F /* ReactiveCocoa.framework in Frameworks */ = {isa = PBXBuildFile; fileRef = CC2059611AC22B0C0064FF7F /* ReactiveCocoa.framework */; };
		CC2059641AC22B930064FF7F /* LlamaKit.framework in Frameworks */ = {isa = PBXBuildFile; fileRef = CC2059601AC22B0C0064FF7F /* LlamaKit.framework */; };
		CC2059651AC22B930064FF7F /* LlamaKit.framework in Embed Frameworks */ = {isa = PBXBuildFile; fileRef = CC2059601AC22B0C0064FF7F /* LlamaKit.framework */; settings = {ATTRIBUTES = (CodeSignOnCopy, RemoveHeadersOnCopy, ); }; };
		CC2059671AC22B930064FF7F /* ReactiveCocoa.framework in Embed Frameworks */ = {isa = PBXBuildFile; fileRef = CC2059611AC22B0C0064FF7F /* ReactiveCocoa.framework */; settings = {ATTRIBUTES = (CodeSignOnCopy, RemoveHeadersOnCopy, ); }; };
		CC66DBBE1AB517E200814725 /* AppDelegate.swift in Sources */ = {isa = PBXBuildFile; fileRef = CC66DBBD1AB517E200814725 /* AppDelegate.swift */; };
		CC66DBC01AB517E200814725 /* SearchViewController.swift in Sources */ = {isa = PBXBuildFile; fileRef = CC66DBBF1AB517E200814725 /* SearchViewController.swift */; };
		CC66DBC51AB517E200814725 /* Images.xcassets in Resources */ = {isa = PBXBuildFile; fileRef = CC66DBC41AB517E200814725 /* Images.xcassets */; };
		CC66DBC81AB517E200814725 /* LaunchScreen.xib in Resources */ = {isa = PBXBuildFile; fileRef = CC66DBC61AB517E200814725 /* LaunchScreen.xib */; };
		CC66DBD41AB517E300814725 /* SwiftGoogleImagesTests.swift in Sources */ = {isa = PBXBuildFile; fileRef = CC66DBD31AB517E300814725 /* SwiftGoogleImagesTests.swift */; };
		CCB2A8371AF5B0AD00302C2D /* SearchViewModel.swift in Sources */ = {isa = PBXBuildFile; fileRef = CCB2A8361AF5B0AD00302C2D /* SearchViewModel.swift */; };
		CCB2A8391AF5B15800302C2D /* RACUtilities.swift in Sources */ = {isa = PBXBuildFile; fileRef = CCB2A8381AF5B15800302C2D /* RACUtilities.swift */; };
/* End PBXBuildFile section */

/* Begin PBXContainerItemProxy section */
		CC66DBCE1AB517E300814725 /* PBXContainerItemProxy */ = {
			isa = PBXContainerItemProxy;
			containerPortal = CC66DBB01AB517E200814725 /* Project object */;
			proxyType = 1;
			remoteGlobalIDString = CC66DBB71AB517E200814725;
			remoteInfo = SwiftGoogleImages;
		};
/* End PBXContainerItemProxy section */

/* Begin PBXCopyFilesBuildPhase section */
		CC44552B1AB51971009C9529 /* Embed Frameworks */ = {
			isa = PBXCopyFilesBuildPhase;
			buildActionMask = 2147483647;
			dstPath = "";
			dstSubfolderSpec = 10;
			files = (
				CC2059651AC22B930064FF7F /* LlamaKit.framework in Embed Frameworks */,
				CC2059671AC22B930064FF7F /* ReactiveCocoa.framework in Embed Frameworks */,
			);
			name = "Embed Frameworks";
			runOnlyForDeploymentPostprocessing = 0;
		};
/* End PBXCopyFilesBuildPhase section */

/* Begin PBXFileReference section */
		CC2059601AC22B0C0064FF7F /* LlamaKit.framework */ = {isa = PBXFileReference; lastKnownFileType = wrapper.framework; name = LlamaKit.framework; path = Carthage/Build/iOS/LlamaKit.framework; sourceTree = SOURCE_ROOT; };
		CC2059611AC22B0C0064FF7F /* ReactiveCocoa.framework */ = {isa = PBXFileReference; lastKnownFileType = wrapper.framework; name = ReactiveCocoa.framework; path = Carthage/Build/iOS/ReactiveCocoa.framework; sourceTree = SOURCE_ROOT; };
		CC66DBB81AB517E200814725 /* SwiftGoogleImages.app */ = {isa = PBXFileReference; explicitFileType = wrapper.application; includeInIndex = 0; path = SwiftGoogleImages.app; sourceTree = BUILT_PRODUCTS_DIR; };
		CC66DBBC1AB517E200814725 /* Info.plist */ = {isa = PBXFileReference; lastKnownFileType = text.plist.xml; path = Info.plist; sourceTree = "<group>"; };
		CC66DBBD1AB517E200814725 /* AppDelegate.swift */ = {isa = PBXFileReference; lastKnownFileType = sourcecode.swift; path = AppDelegate.swift; sourceTree = "<group>"; };
		CC66DBBF1AB517E200814725 /* SearchViewController.swift */ = {isa = PBXFileReference; lastKnownFileType = sourcecode.swift; path = SearchViewController.swift; sourceTree = "<group>"; };
		CC66DBC41AB517E200814725 /* Images.xcassets */ = {isa = PBXFileReference; lastKnownFileType = folder.assetcatalog; path = Images.xcassets; sourceTree = "<group>"; };
		CC66DBC71AB517E200814725 /* Base */ = {isa = PBXFileReference; lastKnownFileType = file.xib; name = Base; path = Base.lproj/LaunchScreen.xib; sourceTree = "<group>"; };
		CC66DBCD1AB517E300814725 /* SwiftGoogleImagesTests.xctest */ = {isa = PBXFileReference; explicitFileType = wrapper.cfbundle; includeInIndex = 0; path = SwiftGoogleImagesTests.xctest; sourceTree = BUILT_PRODUCTS_DIR; };
		CC66DBD21AB517E300814725 /* Info.plist */ = {isa = PBXFileReference; lastKnownFileType = text.plist.xml; path = Info.plist; sourceTree = "<group>"; };
		CC66DBD31AB517E300814725 /* SwiftGoogleImagesTests.swift */ = {isa = PBXFileReference; lastKnownFileType = sourcecode.swift; path = SwiftGoogleImagesTests.swift; sourceTree = "<group>"; };
		CCB2A8361AF5B0AD00302C2D /* SearchViewModel.swift */ = {isa = PBXFileReference; fileEncoding = 4; lastKnownFileType = sourcecode.swift; path = SearchViewModel.swift; sourceTree = "<group>"; };
		CCB2A8381AF5B15800302C2D /* RACUtilities.swift */ = {isa = PBXFileReference; fileEncoding = 4; lastKnownFileType = sourcecode.swift; path = RACUtilities.swift; sourceTree = "<group>"; };
/* End PBXFileReference section */

/* Begin PBXFrameworksBuildPhase section */
		CC66DBB51AB517E200814725 /* Frameworks */ = {
			isa = PBXFrameworksBuildPhase;
			buildActionMask = 2147483647;
			files = (
				CC2059631AC22B0C0064FF7F /* ReactiveCocoa.framework in Frameworks */,
				CC2059641AC22B930064FF7F /* LlamaKit.framework in Frameworks */,
			);
			runOnlyForDeploymentPostprocessing = 0;
		};
		CC66DBCA1AB517E300814725 /* Frameworks */ = {
			isa = PBXFrameworksBuildPhase;
			buildActionMask = 2147483647;
			files = (
			);
			runOnlyForDeploymentPostprocessing = 0;
		};
/* End PBXFrameworksBuildPhase section */

/* Begin PBXGroup section */
		CC4455261AB51965009C9529 /* Frameworks */ = {
			isa = PBXGroup;
			children = (
				CC2059601AC22B0C0064FF7F /* LlamaKit.framework */,
				CC2059611AC22B0C0064FF7F /* ReactiveCocoa.framework */,
			);
			name = Frameworks;
			sourceTree = "<group>";
		};
		CC66DBAF1AB517E200814725 = {
			isa = PBXGroup;
			children = (
				CC66DBBA1AB517E200814725 /* SwiftGoogleImages */,
				CC66DBD01AB517E300814725 /* SwiftGoogleImagesTests */,
				CC66DBB91AB517E200814725 /* Products */,
			);
			sourceTree = "<group>";
		};
		CC66DBB91AB517E200814725 /* Products */ = {
			isa = PBXGroup;
			children = (
				CC66DBB81AB517E200814725 /* SwiftGoogleImages.app */,
				CC66DBCD1AB517E300814725 /* SwiftGoogleImagesTests.xctest */,
			);
			name = Products;
			sourceTree = "<group>";
		};
		CC66DBBA1AB517E200814725 /* SwiftGoogleImages */ = {
			isa = PBXGroup;
			children = (
				CC4455261AB51965009C9529 /* Frameworks */,
				CC66DBBD1AB517E200814725 /* AppDelegate.swift */,
				CCB2A8361AF5B0AD00302C2D /* SearchViewModel.swift */,
				CC66DBBF1AB517E200814725 /* SearchViewController.swift */,
				CCB2A8381AF5B15800302C2D /* RACUtilities.swift */,
				CC66DBC41AB517E200814725 /* Images.xcassets */,
				CC66DBC61AB517E200814725 /* LaunchScreen.xib */,
				CC66DBBB1AB517E200814725 /* Supporting Files */,
			);
			path = SwiftGoogleImages;
			sourceTree = "<group>";
		};
		CC66DBBB1AB517E200814725 /* Supporting Files */ = {
			isa = PBXGroup;
			children = (
				CC66DBBC1AB517E200814725 /* Info.plist */,
			);
			name = "Supporting Files";
			sourceTree = "<group>";
		};
		CC66DBD01AB517E300814725 /* SwiftGoogleImagesTests */ = {
			isa = PBXGroup;
			children = (
				CC66DBD31AB517E300814725 /* SwiftGoogleImagesTests.swift */,
				CC66DBD11AB517E300814725 /* Supporting Files */,
			);
			path = SwiftGoogleImagesTests;
			sourceTree = "<group>";
		};
		CC66DBD11AB517E300814725 /* Supporting Files */ = {
			isa = PBXGroup;
			children = (
				CC66DBD21AB517E300814725 /* Info.plist */,
			);
			name = "Supporting Files";
			sourceTree = "<group>";
		};
/* End PBXGroup section */

/* Begin PBXNativeTarget section */
		CC66DBB71AB517E200814725 /* SwiftGoogleImages */ = {
			isa = PBXNativeTarget;
			buildConfigurationList = CC66DBD71AB517E300814725 /* Build configuration list for PBXNativeTarget "SwiftGoogleImages" */;
			buildPhases = (
				CC66DBB41AB517E200814725 /* Sources */,
				CC66DBB51AB517E200814725 /* Frameworks */,
				CC66DBB61AB517E200814725 /* Resources */,
				CC44552B1AB51971009C9529 /* Embed Frameworks */,
			);
			buildRules = (
			);
			dependencies = (
			);
			name = SwiftGoogleImages;
			productName = SwiftGoogleImages;
			productReference = CC66DBB81AB517E200814725 /* SwiftGoogleImages.app */;
			productType = "com.apple.product-type.application";
		};
		CC66DBCC1AB517E300814725 /* SwiftGoogleImagesTests */ = {
			isa = PBXNativeTarget;
			buildConfigurationList = CC66DBDA1AB517E300814725 /* Build configuration list for PBXNativeTarget "SwiftGoogleImagesTests" */;
			buildPhases = (
				CC66DBC91AB517E300814725 /* Sources */,
				CC66DBCA1AB517E300814725 /* Frameworks */,
				CC66DBCB1AB517E300814725 /* Resources */,
			);
			buildRules = (
			);
			dependencies = (
				CC66DBCF1AB517E300814725 /* PBXTargetDependency */,
			);
			name = SwiftGoogleImagesTests;
			productName = SwiftGoogleImagesTests;
			productReference = CC66DBCD1AB517E300814725 /* SwiftGoogleImagesTests.xctest */;
			productType = "com.apple.product-type.bundle.unit-test";
		};
/* End PBXNativeTarget section */

/* Begin PBXProject section */
		CC66DBB01AB517E200814725 /* Project object */ = {
			isa = PBXProject;
			attributes = {
				LastUpgradeCheck = 0630;
				ORGANIZATIONNAME = adly;
				TargetAttributes = {
					CC66DBB71AB517E200814725 = {
						CreatedOnToolsVersion = 6.3;
					};
					CC66DBCC1AB517E300814725 = {
						CreatedOnToolsVersion = 6.3;
						TestTargetID = CC66DBB71AB517E200814725;
					};
				};
			};
			buildConfigurationList = CC66DBB31AB517E200814725 /* Build configuration list for PBXProject "SwiftGoogleImages" */;
			compatibilityVersion = "Xcode 3.2";
			developmentRegion = English;
			hasScannedForEncodings = 0;
			knownRegions = (
				en,
				Base,
			);
			mainGroup = CC66DBAF1AB517E200814725;
			productRefGroup = CC66DBB91AB517E200814725 /* Products */;
			projectDirPath = "";
			projectRoot = "";
			targets = (
				CC66DBB71AB517E200814725 /* SwiftGoogleImages */,
				CC66DBCC1AB517E300814725 /* SwiftGoogleImagesTests */,
			);
		};
/* End PBXProject section */

/* Begin PBXResourcesBuildPhase section */
		CC66DBB61AB517E200814725 /* Resources */ = {
			isa = PBXResourcesBuildPhase;
			buildActionMask = 2147483647;
			files = (
				CC66DBC81AB517E200814725 /* LaunchScreen.xib in Resources */,
				CC66DBC51AB517E200814725 /* Images.xcassets in Resources */,
			);
			runOnlyForDeploymentPostprocessing = 0;
		};
		CC66DBCB1AB517E300814725 /* Resources */ = {
			isa = PBXResourcesBuildPhase;
			buildActionMask = 2147483647;
			files = (
			);
			runOnlyForDeploymentPostprocessing = 0;
		};
/* End PBXResourcesBuildPhase section */

/* Begin PBXSourcesBuildPhase section */
		CC66DBB41AB517E200814725 /* Sources */ = {
			isa = PBXSourcesBuildPhase;
			buildActionMask = 2147483647;
			files = (
				CCB2A8371AF5B0AD00302C2D /* SearchViewModel.swift in Sources */,
				CC66DBC01AB517E200814725 /* SearchViewController.swift in Sources */,
				CC66DBBE1AB517E200814725 /* AppDelegate.swift in Sources */,
				CCB2A8391AF5B15800302C2D /* RACUtilities.swift in Sources */,
			);
			runOnlyForDeploymentPostprocessing = 0;
		};
		CC66DBC91AB517E300814725 /* Sources */ = {
			isa = PBXSourcesBuildPhase;
			buildActionMask = 2147483647;
			files = (
				CC66DBD41AB517E300814725 /* SwiftGoogleImagesTests.swift in Sources */,
			);
			runOnlyForDeploymentPostprocessing = 0;
		};
/* End PBXSourcesBuildPhase section */

/* Begin PBXTargetDependency section */
		CC66DBCF1AB517E300814725 /* PBXTargetDependency */ = {
			isa = PBXTargetDependency;
			target = CC66DBB71AB517E200814725 /* SwiftGoogleImages */;
			targetProxy = CC66DBCE1AB517E300814725 /* PBXContainerItemProxy */;
		};
/* End PBXTargetDependency section */

/* Begin PBXVariantGroup section */
		CC66DBC61AB517E200814725 /* LaunchScreen.xib */ = {
			isa = PBXVariantGroup;
			children = (
				CC66DBC71AB517E200814725 /* Base */,
			);
			name = LaunchScreen.xib;
			sourceTree = "<group>";
		};
/* End PBXVariantGroup section */

/* Begin XCBuildConfiguration section */
		CC66DBD51AB517E300814725 /* Debug */ = {
			isa = XCBuildConfiguration;
			buildSettings = {
				ALWAYS_SEARCH_USER_PATHS = NO;
				CLANG_CXX_LANGUAGE_STANDARD = "gnu++0x";
				CLANG_CXX_LIBRARY = "libc++";
				CLANG_ENABLE_MODULES = YES;
				CLANG_ENABLE_OBJC_ARC = YES;
				CLANG_WARN_BOOL_CONVERSION = YES;
				CLANG_WARN_CONSTANT_CONVERSION = YES;
				CLANG_WARN_DIRECT_OBJC_ISA_USAGE = YES_ERROR;
				CLANG_WARN_EMPTY_BODY = YES;
				CLANG_WARN_ENUM_CONVERSION = YES;
				CLANG_WARN_INT_CONVERSION = YES;
				CLANG_WARN_OBJC_ROOT_CLASS = YES_ERROR;
				CLANG_WARN_UNREACHABLE_CODE = YES;
				CLANG_WARN__DUPLICATE_METHOD_MATCH = YES;
				"CODE_SIGN_IDENTITY[sdk=iphoneos*]" = "iPhone Developer";
				COPY_PHASE_STRIP = NO;
				DEBUG_INFORMATION_FORMAT = "dwarf-with-dsym";
				ENABLE_STRICT_OBJC_MSGSEND = YES;
				GCC_C_LANGUAGE_STANDARD = gnu99;
				GCC_DYNAMIC_NO_PIC = NO;
				GCC_NO_COMMON_BLOCKS = YES;
				GCC_OPTIMIZATION_LEVEL = 0;
				GCC_PREPROCESSOR_DEFINITIONS = (
					"DEBUG=1",
					"$(inherited)",
				);
				GCC_SYMBOLS_PRIVATE_EXTERN = NO;
				GCC_WARN_64_TO_32_BIT_CONVERSION = YES;
				GCC_WARN_ABOUT_RETURN_TYPE = YES_ERROR;
				GCC_WARN_UNDECLARED_SELECTOR = YES;
				GCC_WARN_UNINITIALIZED_AUTOS = YES_AGGRESSIVE;
				GCC_WARN_UNUSED_FUNCTION = YES;
				GCC_WARN_UNUSED_VARIABLE = YES;
				IPHONEOS_DEPLOYMENT_TARGET = 8.2;
				MTL_ENABLE_DEBUG_INFO = YES;
				ONLY_ACTIVE_ARCH = YES;
				SDKROOT = iphoneos;
				SWIFT_OPTIMIZATION_LEVEL = "-Onone";
			};
			name = Debug;
		};
		CC66DBD61AB517E300814725 /* Release */ = {
			isa = XCBuildConfiguration;
			buildSettings = {
				ALWAYS_SEARCH_USER_PATHS = NO;
				CLANG_CXX_LANGUAGE_STANDARD = "gnu++0x";
				CLANG_CXX_LIBRARY = "libc++";
				CLANG_ENABLE_MODULES = YES;
				CLANG_ENABLE_OBJC_ARC = YES;
				CLANG_WARN_BOOL_CONVERSION = YES;
				CLANG_WARN_CONSTANT_CONVERSION = YES;
				CLANG_WARN_DIRECT_OBJC_ISA_USAGE = YES_ERROR;
				CLANG_WARN_EMPTY_BODY = YES;
				CLANG_WARN_ENUM_CONVERSION = YES;
				CLANG_WARN_INT_CONVERSION = YES;
				CLANG_WARN_OBJC_ROOT_CLASS = YES_ERROR;
				CLANG_WARN_UNREACHABLE_CODE = YES;
				CLANG_WARN__DUPLICATE_METHOD_MATCH = YES;
				"CODE_SIGN_IDENTITY[sdk=iphoneos*]" = "iPhone Developer";
				COPY_PHASE_STRIP = NO;
				DEBUG_INFORMATION_FORMAT = "dwarf-with-dsym";
				ENABLE_NS_ASSERTIONS = NO;
				ENABLE_STRICT_OBJC_MSGSEND = YES;
				GCC_C_LANGUAGE_STANDARD = gnu99;
				GCC_NO_COMMON_BLOCKS = YES;
				GCC_WARN_64_TO_32_BIT_CONVERSION = YES;
				GCC_WARN_ABOUT_RETURN_TYPE = YES_ERROR;
				GCC_WARN_UNDECLARED_SELECTOR = YES;
				GCC_WARN_UNINITIALIZED_AUTOS = YES_AGGRESSIVE;
				GCC_WARN_UNUSED_FUNCTION = YES;
				GCC_WARN_UNUSED_VARIABLE = YES;
				IPHONEOS_DEPLOYMENT_TARGET = 8.2;
				MTL_ENABLE_DEBUG_INFO = NO;
				SDKROOT = iphoneos;
				VALIDATE_PRODUCT = YES;
			};
			name = Release;
		};
		CC66DBD81AB517E300814725 /* Debug */ = {
			isa = XCBuildConfiguration;
			buildSettings = {
				ASSETCATALOG_COMPILER_APPICON_NAME = AppIcon;
				FRAMEWORK_SEARCH_PATHS = (
					"$(inherited)",
					"$(PROJECT_DIR)/SwiftGoogleImages",
					"$(PROJECT_DIR)/Carthage/Build/iOS",
				);
				INFOPLIST_FILE = SwiftGoogleImages/Info.plist;
				LD_RUNPATH_SEARCH_PATHS = "$(inherited) @executable_path/Frameworks";
				PRODUCT_NAME = "$(TARGET_NAME)";
			};
			name = Debug;
		};
		CC66DBD91AB517E300814725 /* Release */ = {
			isa = XCBuildConfiguration;
			buildSettings = {
				ASSETCATALOG_COMPILER_APPICON_NAME = AppIcon;
				FRAMEWORK_SEARCH_PATHS = (
					"$(inherited)",
					"$(PROJECT_DIR)/SwiftGoogleImages",
					"$(PROJECT_DIR)/Carthage/Build/iOS",
				);
				INFOPLIST_FILE = SwiftGoogleImages/Info.plist;
				LD_RUNPATH_SEARCH_PATHS = "$(inherited) @executable_path/Frameworks";
				PRODUCT_NAME = "$(TARGET_NAME)";
			};
			name = Release;
		};
		CC66DBDB1AB517E300814725 /* Debug */ = {
			isa = XCBuildConfiguration;
			buildSettings = {
				BUNDLE_LOADER = "$(TEST_HOST)";
				FRAMEWORK_SEARCH_PATHS = (
					"$(SDKROOT)/Developer/Library/Frameworks",
					"$(inherited)",
				);
				GCC_PREPROCESSOR_DEFINITIONS = (
					"DEBUG=1",
					"$(inherited)",
				);
				INFOPLIST_FILE = SwiftGoogleImagesTests/Info.plist;
				LD_RUNPATH_SEARCH_PATHS = "$(inherited) @executable_path/Frameworks @loader_path/Frameworks";
				PRODUCT_NAME = "$(TARGET_NAME)";
				TEST_HOST = "$(BUILT_PRODUCTS_DIR)/SwiftGoogleImages.app/SwiftGoogleImages";
			};
			name = Debug;
		};
		CC66DBDC1AB517E300814725 /* Release */ = {
			isa = XCBuildConfiguration;
			buildSettings = {
				BUNDLE_LOADER = "$(TEST_HOST)";
				FRAMEWORK_SEARCH_PATHS = (
					"$(SDKROOT)/Developer/Library/Frameworks",
					"$(inherited)",
				);
				INFOPLIST_FILE = SwiftGoogleImagesTests/Info.plist;
				LD_RUNPATH_SEARCH_PATHS = "$(inherited) @executable_path/Frameworks @loader_path/Frameworks";
				PRODUCT_NAME = "$(TARGET_NAME)";
				TEST_HOST = "$(BUILT_PRODUCTS_DIR)/SwiftGoogleImages.app/SwiftGoogleImages";
			};
			name = Release;
		};
/* End XCBuildConfiguration section */

/* Begin XCConfigurationList section */
		CC66DBB31AB517E200814725 /* Build configuration list for PBXProject "SwiftGoogleImages" */ = {
			isa = XCConfigurationList;
			buildConfigurations = (
				CC66DBD51AB517E300814725 /* Debug */,
				CC66DBD61AB517E300814725 /* Release */,
			);
			defaultConfigurationIsVisible = 0;
			defaultConfigurationName = Release;
		};
		CC66DBD71AB517E300814725 /* Build configuration list for PBXNativeTarget "SwiftGoogleImages" */ = {
			isa = XCConfigurationList;
			buildConfigurations = (
				CC66DBD81AB517E300814725 /* Debug */,
				CC66DBD91AB517E300814725 /* Release */,
			);
			defaultConfigurationIsVisible = 0;
			defaultConfigurationName = Release;
		};
		CC66DBDA1AB517E300814725 /* Build configuration list for PBXNativeTarget "SwiftGoogleImagesTests" */ = {
			isa = XCConfigurationList;
			buildConfigurations = (
				CC66DBDB1AB517E300814725 /* Debug */,
				CC66DBDC1AB517E300814725 /* Release */,
			);
			defaultConfigurationIsVisible = 0;
			defaultConfigurationName = Release;
		};
/* End XCConfigurationList section */
	};
	rootObject = CC66DBB01AB517E200814725 /* Project object */;
}
